
Microsoft Visual Studio Solution File, Format Version 12.00
# Visual Studio Version 17
VisualStudioVersion = 17.3.32505.426
MinimumVisualStudioVersion = 10.0.40219.1
Project("{FAE04EC0-301F-11D3-BF4B-00C04F79EFBC}") = "SomeClass", "SomeClass\SomeClass.csproj", "{3AD980AE-AFBE-479E-BC80-DABBB3C0F430}"
EndProject
Project("{FAE04EC0-301F-11D3-BF4B-00C04F79EFBC}") = "SomeClass.Tests", "SomeClass.Tests\SomeClass.Tests.csproj", "{D6459528-1337-45F0-95F6-0B8DEDC97FFB}"
EndProject
Global
	GlobalSection(SolutionConfigurationPlatforms) = preSolution
		Debug|Any CPU = Debug|Any CPU
		Release|Any CPU = Release|Any CPU
	EndGlobalSection
	GlobalSection(ProjectConfigurationPlatforms) = postSolution
		{3AD980AE-AFBE-479E-BC80-DABBB3C0F430}.Debug|Any CPU.ActiveCfg = Debug|Any CPU
		{3AD980AE-AFBE-479E-BC80-DABBB3C0F430}.Debug|Any CPU.Build.0 = Debug|Any CPU
		{3AD980AE-AFBE-479E-BC80-DABBB3C0F430}.Release|Any CPU.ActiveCfg = Release|Any CPU
		{3AD980AE-AFBE-479E-BC80-DABBB3C0F430}.Release|Any CPU.Build.0 = Release|Any CPU
		{D6459528-1337-45F0-95F6-0B8DEDC97FFB}.Debug|Any CPU.ActiveCfg = Debug|Any CPU
		{D6459528-1337-45F0-95F6-0B8DEDC97FFB}.Debug|Any CPU.Build.0 = Debug|Any CPU
		{D6459528-1337-45F0-95F6-0B8DEDC97FFB}.Release|Any CPU.ActiveCfg = Release|Any CPU
		{D6459528-1337-45F0-95F6-0B8DEDC97FFB}.Release|Any CPU.Build.0 = Release|Any CPU
	EndGlobalSection
	GlobalSection(SolutionProperties) = preSolution
		HideSolutionNode = FALSE
	EndGlobalSection
	GlobalSection(ExtensibilityGlobals) = postSolution
		SolutionGuid = {CAC4836A-1367-4898-BBB1-014B1B333F43}
	EndGlobalSection
EndGlobal
